// !$*UTF8*$!
{
	archiveVersion = 1;
	classes = {
	};
	objectVersion = 50;
	objects = {

/* Begin PBXBuildFile section */
		A200AD58261BFB7F00E6E163 /* IdentifiableString.swift in Sources */ = {isa = PBXBuildFile; fileRef = A200AD57261BFB7F00E6E163 /* IdentifiableString.swift */; };
		A200AD5B261C016A00E6E163 /* PokemonTypeView.swift in Sources */ = {isa = PBXBuildFile; fileRef = A200AD5A261C016A00E6E163 /* PokemonTypeView.swift */; };
		A200AD60261C082600E6E163 /* PokemonType.swift in Sources */ = {isa = PBXBuildFile; fileRef = A200AD5F261C082600E6E163 /* PokemonType.swift */; };
		A2650C1C261BB58800DC9CAF /* APIContentView.swift in Sources */ = {isa = PBXBuildFile; fileRef = A2650C1B261BB58800DC9CAF /* APIContentView.swift */; };
		A2650C1F261BBB3300DC9CAF /* GamesListView.swift in Sources */ = {isa = PBXBuildFile; fileRef = A2650C1E261BBB3300DC9CAF /* GamesListView.swift */; };
		A2650C23261BC15900DC9CAF /* PokedexListView.swift in Sources */ = {isa = PBXBuildFile; fileRef = A2650C22261BC15900DC9CAF /* PokedexListView.swift */; };
		A2650C26261BC60600DC9CAF /* PokemonListView.swift in Sources */ = {isa = PBXBuildFile; fileRef = A2650C25261BC60600DC9CAF /* PokemonListView.swift */; };
		A2650C30261BD9F300DC9CAF /* RoundedBorderModifier.swift in Sources */ = {isa = PBXBuildFile; fileRef = A2650C2F261BD9F300DC9CAF /* RoundedBorderModifier.swift */; };
		A2650C3B261BFA1A00DC9CAF /* PokemonTypeDetailsView.swift in Sources */ = {isa = PBXBuildFile; fileRef = A2650C3A261BFA1A00DC9CAF /* PokemonTypeDetailsView.swift */; };
		A2650C3E261BFA2E00DC9CAF /* PokemonTypesListView.swift in Sources */ = {isa = PBXBuildFile; fileRef = A2650C3D261BFA2E00DC9CAF /* PokemonTypesListView.swift */; };
		A276CCA22607FCB200C40F43 /* ResultList.swift in Sources */ = {isa = PBXBuildFile; fileRef = A276CCA12607FCB200C40F43 /* ResultList.swift */; };
		A276CCA72607FED800C40F43 /* API.swift in Sources */ = {isa = PBXBuildFile; fileRef = A276CCA62607FED800C40F43 /* API.swift */; };
		A276CCAB2607FF2B00C40F43 /* Request.swift in Sources */ = {isa = PBXBuildFile; fileRef = A276CCAA2607FF2B00C40F43 /* Request.swift */; };
		A276CCAF2607FFFC00C40F43 /* Endpoint.swift in Sources */ = {isa = PBXBuildFile; fileRef = A276CCAE2607FFFC00C40F43 /* Endpoint.swift */; };
		A284D070261174BD00836E58 /* LoadingModifier.swift in Sources */ = {isa = PBXBuildFile; fileRef = A284D06F261174BD00836E58 /* LoadingModifier.swift */; };
		A2A10A882608342400E3607E /* Pokedex.swift in Sources */ = {isa = PBXBuildFile; fileRef = A2A10A872608342400E3607E /* Pokedex.swift */; };
		A2A10A8E260835B800E3607E /* Game.swift in Sources */ = {isa = PBXBuildFile; fileRef = A2A10A8D260835B800E3607E /* Game.swift */; };
		A2A10A932608366F00E3607E /* ListItem.swift in Sources */ = {isa = PBXBuildFile; fileRef = A2A10A922608366F00E3607E /* ListItem.swift */; };
		A2A10A9B26084EC200E3607E /* PokemonDetailsView.swift in Sources */ = {isa = PBXBuildFile; fileRef = A2A10A9A26084EC200E3607E /* PokemonDetailsView.swift */; };
		A2A10A9E26084F0600E3607E /* Pokemon.swift in Sources */ = {isa = PBXBuildFile; fileRef = A2A10A9D26084F0600E3607E /* Pokemon.swift */; };
		A2A8A2C7261171C500B170FD /* ImageLoader.swift in Sources */ = {isa = PBXBuildFile; fileRef = A2A8A2C6261171C500B170FD /* ImageLoader.swift */; };
		A2B955122607F08B00AE0782 /* PokedexApp.swift in Sources */ = {isa = PBXBuildFile; fileRef = A2B955112607F08B00AE0782 /* PokedexApp.swift */; };
		A2B955142607F08B00AE0782 /* MainView.swift in Sources */ = {isa = PBXBuildFile; fileRef = A2B955132607F08B00AE0782 /* MainView.swift */; };
		A2B955162607F08D00AE0782 /* Assets.xcassets in Resources */ = {isa = PBXBuildFile; fileRef = A2B955152607F08D00AE0782 /* Assets.xcassets */; };
		A2B955192607F08D00AE0782 /* Preview Assets.xcassets in Resources */ = {isa = PBXBuildFile; fileRef = A2B955182607F08D00AE0782 /* Preview Assets.xcassets */; };
/* End PBXBuildFile section */

/* Begin PBXFileReference section */
		A200AD57261BFB7F00E6E163 /* IdentifiableString.swift */ = {isa = PBXFileReference; lastKnownFileType = sourcecode.swift; path = IdentifiableString.swift; sourceTree = "<group>"; };
		A200AD5A261C016A00E6E163 /* PokemonTypeView.swift */ = {isa = PBXFileReference; lastKnownFileType = sourcecode.swift; path = PokemonTypeView.swift; sourceTree = "<group>"; };
		A200AD5F261C082600E6E163 /* PokemonType.swift */ = {isa = PBXFileReference; lastKnownFileType = sourcecode.swift; path = PokemonType.swift; sourceTree = "<group>"; };
		A2650C1B261BB58800DC9CAF /* APIContentView.swift */ = {isa = PBXFileReference; lastKnownFileType = sourcecode.swift; path = APIContentView.swift; sourceTree = "<group>"; };
		A2650C1E261BBB3300DC9CAF /* GamesListView.swift */ = {isa = PBXFileReference; lastKnownFileType = sourcecode.swift; path = GamesListView.swift; sourceTree = "<group>"; };
		A2650C22261BC15900DC9CAF /* PokedexListView.swift */ = {isa = PBXFileReference; lastKnownFileType = sourcecode.swift; path = PokedexListView.swift; sourceTree = "<group>"; };
		A2650C25261BC60600DC9CAF /* PokemonListView.swift */ = {isa = PBXFileReference; lastKnownFileType = sourcecode.swift; path = PokemonListView.swift; sourceTree = "<group>"; };
		A2650C2F261BD9F300DC9CAF /* RoundedBorderModifier.swift */ = {isa = PBXFileReference; lastKnownFileType = sourcecode.swift; path = RoundedBorderModifier.swift; sourceTree = "<group>"; };
		A2650C3A261BFA1A00DC9CAF /* PokemonTypeDetailsView.swift */ = {isa = PBXFileReference; lastKnownFileType = sourcecode.swift; path = PokemonTypeDetailsView.swift; sourceTree = "<group>"; };
		A2650C3D261BFA2E00DC9CAF /* PokemonTypesListView.swift */ = {isa = PBXFileReference; lastKnownFileType = sourcecode.swift; path = PokemonTypesListView.swift; sourceTree = "<group>"; };
		A276CCA12607FCB200C40F43 /* ResultList.swift */ = {isa = PBXFileReference; lastKnownFileType = sourcecode.swift; path = ResultList.swift; sourceTree = "<group>"; };
		A276CCA62607FED800C40F43 /* API.swift */ = {isa = PBXFileReference; lastKnownFileType = sourcecode.swift; path = API.swift; sourceTree = "<group>"; };
		A276CCAA2607FF2B00C40F43 /* Request.swift */ = {isa = PBXFileReference; lastKnownFileType = sourcecode.swift; path = Request.swift; sourceTree = "<group>"; };
		A276CCAE2607FFFC00C40F43 /* Endpoint.swift */ = {isa = PBXFileReference; lastKnownFileType = sourcecode.swift; path = Endpoint.swift; sourceTree = "<group>"; };
		A284D06F261174BD00836E58 /* LoadingModifier.swift */ = {isa = PBXFileReference; lastKnownFileType = sourcecode.swift; path = LoadingModifier.swift; sourceTree = "<group>"; };
		A2A10A872608342400E3607E /* Pokedex.swift */ = {isa = PBXFileReference; lastKnownFileType = sourcecode.swift; path = Pokedex.swift; sourceTree = "<group>"; };
		A2A10A8D260835B800E3607E /* Game.swift */ = {isa = PBXFileReference; lastKnownFileType = sourcecode.swift; path = Game.swift; sourceTree = "<group>"; };
		A2A10A922608366F00E3607E /* ListItem.swift */ = {isa = PBXFileReference; lastKnownFileType = sourcecode.swift; path = ListItem.swift; sourceTree = "<group>"; };
		A2A10A9A26084EC200E3607E /* PokemonDetailsView.swift */ = {isa = PBXFileReference; lastKnownFileType = sourcecode.swift; path = PokemonDetailsView.swift; sourceTree = "<group>"; };
		A2A10A9D26084F0600E3607E /* Pokemon.swift */ = {isa = PBXFileReference; lastKnownFileType = sourcecode.swift; path = Pokemon.swift; sourceTree = "<group>"; };
		A2A8A2C6261171C500B170FD /* ImageLoader.swift */ = {isa = PBXFileReference; lastKnownFileType = sourcecode.swift; path = ImageLoader.swift; sourceTree = "<group>"; };
		A2B9550E2607F08B00AE0782 /* Pokedex.app */ = {isa = PBXFileReference; explicitFileType = wrapper.application; includeInIndex = 0; path = Pokedex.app; sourceTree = BUILT_PRODUCTS_DIR; };
		A2B955112607F08B00AE0782 /* PokedexApp.swift */ = {isa = PBXFileReference; lastKnownFileType = sourcecode.swift; path = PokedexApp.swift; sourceTree = "<group>"; };
		A2B955132607F08B00AE0782 /* MainView.swift */ = {isa = PBXFileReference; lastKnownFileType = sourcecode.swift; path = MainView.swift; sourceTree = "<group>"; };
		A2B955152607F08D00AE0782 /* Assets.xcassets */ = {isa = PBXFileReference; lastKnownFileType = folder.assetcatalog; path = Assets.xcassets; sourceTree = "<group>"; };
		A2B955182607F08D00AE0782 /* Preview Assets.xcassets */ = {isa = PBXFileReference; lastKnownFileType = folder.assetcatalog; path = "Preview Assets.xcassets"; sourceTree = "<group>"; };
		A2B9551A2607F08D00AE0782 /* Info.plist */ = {isa = PBXFileReference; lastKnownFileType = text.plist.xml; path = Info.plist; sourceTree = "<group>"; };
/* End PBXFileReference section */

/* Begin PBXFrameworksBuildPhase section */
		A2B9550B2607F08B00AE0782 /* Frameworks */ = {
			isa = PBXFrameworksBuildPhase;
			buildActionMask = 2147483647;
			files = (
			);
			runOnlyForDeploymentPostprocessing = 0;
		};
/* End PBXFrameworksBuildPhase section */

/* Begin PBXGroup section */
		A276CC982607FC2900C40F43 /* Views */ = {
			isa = PBXGroup;
			children = (
				A2B955132607F08B00AE0782 /* MainView.swift */,
				A2650C1B261BB58800DC9CAF /* APIContentView.swift */,
				A2650C1E261BBB3300DC9CAF /* GamesListView.swift */,
				A2650C22261BC15900DC9CAF /* PokedexListView.swift */,
				A2650C25261BC60600DC9CAF /* PokemonListView.swift */,
				A2A10A9A26084EC200E3607E /* PokemonDetailsView.swift */,
				A2650C3D261BFA2E00DC9CAF /* PokemonTypesListView.swift */,
				A2650C3A261BFA1A00DC9CAF /* PokemonTypeDetailsView.swift */,
				A200AD5A261C016A00E6E163 /* PokemonTypeView.swift */,
			);
			path = Views;
			sourceTree = "<group>";
		};
		A276CC992607FC3700C40F43 /* Resources */ = {
			isa = PBXGroup;
			children = (
				A2B955152607F08D00AE0782 /* Assets.xcassets */,
			);
			path = Resources;
			sourceTree = "<group>";
		};
		A276CCA02607FC9E00C40F43 /* Network */ = {
			isa = PBXGroup;
			children = (
				A276CCA62607FED800C40F43 /* API.swift */,
				A276CCAE2607FFFC00C40F43 /* Endpoint.swift */,
				A276CCAA2607FF2B00C40F43 /* Request.swift */,
				A276CCA52607FECE00C40F43 /* Models */,
			);
			path = Network;
			sourceTree = "<group>";
		};
		A276CCA52607FECE00C40F43 /* Models */ = {
			isa = PBXGroup;
			children = (
				A276CCA12607FCB200C40F43 /* ResultList.swift */,
				A2A10A922608366F00E3607E /* ListItem.swift */,
				A2A10A872608342400E3607E /* Pokedex.swift */,
				A2A10A8D260835B800E3607E /* Game.swift */,
				A2A10A9D26084F0600E3607E /* Pokemon.swift */,
				A200AD5F261C082600E6E163 /* PokemonType.swift */,
			);
			path = Models;
			sourceTree = "<group>";
		};
		A284D06E261174AA00836E58 /* Modifiers */ = {
			isa = PBXGroup;
			children = (
				A284D06F261174BD00836E58 /* LoadingModifier.swift */,
				A2650C2F261BD9F300DC9CAF /* RoundedBorderModifier.swift */,
			);
			path = Modifiers;
			sourceTree = "<group>";
		};
		A2A8A2C4261171A300B170FD /* Source */ = {
			isa = PBXGroup;
			children = (
				A2A8A2C5261171B600B170FD /* Logic */,
				A276CC982607FC2900C40F43 /* Views */,
				A276CCA02607FC9E00C40F43 /* Network */,
				A284D06E261174AA00836E58 /* Modifiers */,
			);
			path = Source;
			sourceTree = "<group>";
		};
		A2A8A2C5261171B600B170FD /* Logic */ = {
			isa = PBXGroup;
			children = (
				A2A8A2C6261171C500B170FD /* ImageLoader.swift */,
				A200AD57261BFB7F00E6E163 /* IdentifiableString.swift */,
			);
			path = Logic;
			sourceTree = "<group>";
		};
		A2B955052607F08B00AE0782 = {
			isa = PBXGroup;
			children = (
				A2B955102607F08B00AE0782 /* Pokedex */,
				A2B9550F2607F08B00AE0782 /* Products */,
			);
			sourceTree = "<group>";
		};
		A2B9550F2607F08B00AE0782 /* Products */ = {
			isa = PBXGroup;
			children = (
				A2B9550E2607F08B00AE0782 /* Pokedex.app */,
			);
			name = Products;
			sourceTree = "<group>";
		};
		A2B955102607F08B00AE0782 /* Pokedex */ = {
			isa = PBXGroup;
			children = (
				A2B955112607F08B00AE0782 /* PokedexApp.swift */,
				A2B9551A2607F08D00AE0782 /* Info.plist */,
				A2A8A2C4261171A300B170FD /* Source */,
				A276CC992607FC3700C40F43 /* Resources */,
				A2B955172607F08D00AE0782 /* Preview Content */,
			);
			path = Pokedex;
			sourceTree = "<group>";
		};
		A2B955172607F08D00AE0782 /* Preview Content */ = {
			isa = PBXGroup;
			children = (
				A2B955182607F08D00AE0782 /* Preview Assets.xcassets */,
			);
			path = "Preview Content";
			sourceTree = "<group>";
		};
/* End PBXGroup section */

/* Begin PBXNativeTarget section */
		A2B9550D2607F08B00AE0782 /* Pokedex */ = {
			isa = PBXNativeTarget;
			buildConfigurationList = A2B9551D2607F08D00AE0782 /* Build configuration list for PBXNativeTarget "Pokedex" */;
			buildPhases = (
				A2B9550A2607F08B00AE0782 /* Sources */,
				A2B9550B2607F08B00AE0782 /* Frameworks */,
				A2B9550C2607F08B00AE0782 /* Resources */,
			);
			buildRules = (
			);
			dependencies = (
			);
			name = Pokedex;
			packageProductDependencies = (
			);
			productName = Pokedex;
			productReference = A2B9550E2607F08B00AE0782 /* Pokedex.app */;
			productType = "com.apple.product-type.application";
		};
/* End PBXNativeTarget section */

/* Begin PBXProject section */
		A2B955062607F08B00AE0782 /* Project object */ = {
			isa = PBXProject;
			attributes = {
				LastSwiftUpdateCheck = 1200;
				LastUpgradeCheck = 1200;
				TargetAttributes = {
					A2B9550D2607F08B00AE0782 = {
						CreatedOnToolsVersion = 12.0;
					};
				};
			};
			buildConfigurationList = A2B955092607F08B00AE0782 /* Build configuration list for PBXProject "Pokedex" */;
			compatibilityVersion = "Xcode 9.3";
			developmentRegion = en;
			hasScannedForEncodings = 0;
			knownRegions = (
				en,
				Base,
			);
			mainGroup = A2B955052607F08B00AE0782;
			packageReferences = (
			);
			productRefGroup = A2B9550F2607F08B00AE0782 /* Products */;
			projectDirPath = "";
			projectRoot = "";
			targets = (
				A2B9550D2607F08B00AE0782 /* Pokedex */,
			);
		};
/* End PBXProject section */

/* Begin PBXResourcesBuildPhase section */
		A2B9550C2607F08B00AE0782 /* Resources */ = {
			isa = PBXResourcesBuildPhase;
			buildActionMask = 2147483647;
			files = (
				A2B955192607F08D00AE0782 /* Preview Assets.xcassets in Resources */,
				A2B955162607F08D00AE0782 /* Assets.xcassets in Resources */,
			);
			runOnlyForDeploymentPostprocessing = 0;
		};
/* End PBXResourcesBuildPhase section */

/* Begin PBXSourcesBuildPhase section */
		A2B9550A2607F08B00AE0782 /* Sources */ = {
			isa = PBXSourcesBuildPhase;
			buildActionMask = 2147483647;
			files = (
				A2A10A932608366F00E3607E /* ListItem.swift in Sources */,
				A284D070261174BD00836E58 /* LoadingModifier.swift in Sources */,
				A2650C3E261BFA2E00DC9CAF /* PokemonTypesListView.swift in Sources */,
				A2650C1F261BBB3300DC9CAF /* GamesListView.swift in Sources */,
				A2A10A882608342400E3607E /* Pokedex.swift in Sources */,
				A2650C23261BC15900DC9CAF /* PokedexListView.swift in Sources */,
				A276CCAF2607FFFC00C40F43 /* Endpoint.swift in Sources */,
				A2A10A9B26084EC200E3607E /* PokemonDetailsView.swift in Sources */,
				A200AD60261C082600E6E163 /* PokemonType.swift in Sources */,
				A276CCA22607FCB200C40F43 /* ResultList.swift in Sources */,
				A2650C3B261BFA1A00DC9CAF /* PokemonTypeDetailsView.swift in Sources */,
				A200AD5B261C016A00E6E163 /* PokemonTypeView.swift in Sources */,
				A2A10A9E26084F0600E3607E /* Pokemon.swift in Sources */,
				A2B955142607F08B00AE0782 /* MainView.swift in Sources */,
				A2650C30261BD9F300DC9CAF /* RoundedBorderModifier.swift in Sources */,
				A2B955122607F08B00AE0782 /* PokedexApp.swift in Sources */,
				A276CCAB2607FF2B00C40F43 /* Request.swift in Sources */,
				A2A10A8E260835B800E3607E /* Game.swift in Sources */,
				A200AD58261BFB7F00E6E163 /* IdentifiableString.swift in Sources */,
				A2650C1C261BB58800DC9CAF /* APIContentView.swift in Sources */,
				A276CCA72607FED800C40F43 /* API.swift in Sources */,
				A2650C26261BC60600DC9CAF /* PokemonListView.swift in Sources */,
				A2A8A2C7261171C500B170FD /* ImageLoader.swift in Sources */,
			);
			runOnlyForDeploymentPostprocessing = 0;
		};
/* End PBXSourcesBuildPhase section */

/* Begin XCBuildConfiguration section */
		A2B9551B2607F08D00AE0782 /* Debug */ = {
			isa = XCBuildConfiguration;
			buildSettings = {
				ALWAYS_SEARCH_USER_PATHS = NO;
				CLANG_ANALYZER_NONNULL = YES;
				CLANG_ANALYZER_NUMBER_OBJECT_CONVERSION = YES_AGGRESSIVE;
				CLANG_CXX_LANGUAGE_STANDARD = "gnu++14";
				CLANG_CXX_LIBRARY = "libc++";
				CLANG_ENABLE_MODULES = YES;
				CLANG_ENABLE_OBJC_ARC = YES;
				CLANG_ENABLE_OBJC_WEAK = YES;
				CLANG_WARN_BLOCK_CAPTURE_AUTORELEASING = YES;
				CLANG_WARN_BOOL_CONVERSION = YES;
				CLANG_WARN_COMMA = YES;
				CLANG_WARN_CONSTANT_CONVERSION = YES;
				CLANG_WARN_DEPRECATED_OBJC_IMPLEMENTATIONS = YES;
				CLANG_WARN_DIRECT_OBJC_ISA_USAGE = YES_ERROR;
				CLANG_WARN_DOCUMENTATION_COMMENTS = YES;
				CLANG_WARN_EMPTY_BODY = YES;
				CLANG_WARN_ENUM_CONVERSION = YES;
				CLANG_WARN_INFINITE_RECURSION = YES;
				CLANG_WARN_INT_CONVERSION = YES;
				CLANG_WARN_NON_LITERAL_NULL_CONVERSION = YES;
				CLANG_WARN_OBJC_IMPLICIT_RETAIN_SELF = YES;
				CLANG_WARN_OBJC_LITERAL_CONVERSION = YES;
				CLANG_WARN_OBJC_ROOT_CLASS = YES_ERROR;
				CLANG_WARN_QUOTED_INCLUDE_IN_FRAMEWORK_HEADER = YES;
				CLANG_WARN_RANGE_LOOP_ANALYSIS = YES;
				CLANG_WARN_STRICT_PROTOTYPES = YES;
				CLANG_WARN_SUSPICIOUS_MOVE = YES;
				CLANG_WARN_UNGUARDED_AVAILABILITY = YES_AGGRESSIVE;
				CLANG_WARN_UNREACHABLE_CODE = YES;
				CLANG_WARN__DUPLICATE_METHOD_MATCH = YES;
				COPY_PHASE_STRIP = NO;
				DEBUG_INFORMATION_FORMAT = dwarf;
				ENABLE_STRICT_OBJC_MSGSEND = YES;
				ENABLE_TESTABILITY = YES;
				GCC_C_LANGUAGE_STANDARD = gnu11;
				GCC_DYNAMIC_NO_PIC = NO;
				GCC_NO_COMMON_BLOCKS = YES;
				GCC_OPTIMIZATION_LEVEL = 0;
				GCC_PREPROCESSOR_DEFINITIONS = (
					"DEBUG=1",
					"$(inherited)",
				);
				GCC_WARN_64_TO_32_BIT_CONVERSION = YES;
				GCC_WARN_ABOUT_RETURN_TYPE = YES_ERROR;
				GCC_WARN_UNDECLARED_SELECTOR = YES;
				GCC_WARN_UNINITIALIZED_AUTOS = YES_AGGRESSIVE;
				GCC_WARN_UNUSED_FUNCTION = YES;
				GCC_WARN_UNUSED_VARIABLE = YES;
				IPHONEOS_DEPLOYMENT_TARGET = 14.0;
				MTL_ENABLE_DEBUG_INFO = INCLUDE_SOURCE;
				MTL_FAST_MATH = YES;
				ONLY_ACTIVE_ARCH = YES;
				SDKROOT = iphoneos;
				SWIFT_ACTIVE_COMPILATION_CONDITIONS = DEBUG;
				SWIFT_OPTIMIZATION_LEVEL = "-Onone";
			};
			name = Debug;
		};
		A2B9551C2607F08D00AE0782 /* Release */ = {
			isa = XCBuildConfiguration;
			buildSettings = {
				ALWAYS_SEARCH_USER_PATHS = NO;
				CLANG_ANALYZER_NONNULL = YES;
				CLANG_ANALYZER_NUMBER_OBJECT_CONVERSION = YES_AGGRESSIVE;
				CLANG_CXX_LANGUAGE_STANDARD = "gnu++14";
				CLANG_CXX_LIBRARY = "libc++";
				CLANG_ENABLE_MODULES = YES;
				CLANG_ENABLE_OBJC_ARC = YES;
				CLANG_ENABLE_OBJC_WEAK = YES;
				CLANG_WARN_BLOCK_CAPTURE_AUTORELEASING = YES;
				CLANG_WARN_BOOL_CONVERSION = YES;
				CLANG_WARN_COMMA = YES;
				CLANG_WARN_CONSTANT_CONVERSION = YES;
				CLANG_WARN_DEPRECATED_OBJC_IMPLEMENTATIONS = YES;
				CLANG_WARN_DIRECT_OBJC_ISA_USAGE = YES_ERROR;
				CLANG_WARN_DOCUMENTATION_COMMENTS = YES;
				CLANG_WARN_EMPTY_BODY = YES;
				CLANG_WARN_ENUM_CONVERSION = YES;
				CLANG_WARN_INFINITE_RECURSION = YES;
				CLANG_WARN_INT_CONVERSION = YES;
				CLANG_WARN_NON_LITERAL_NULL_CONVERSION = YES;
				CLANG_WARN_OBJC_IMPLICIT_RETAIN_SELF = YES;
				CLANG_WARN_OBJC_LITERAL_CONVERSION = YES;
				CLANG_WARN_OBJC_ROOT_CLASS = YES_ERROR;
				CLANG_WARN_QUOTED_INCLUDE_IN_FRAMEWORK_HEADER = YES;
				CLANG_WARN_RANGE_LOOP_ANALYSIS = YES;
				CLANG_WARN_STRICT_PROTOTYPES = YES;
				CLANG_WARN_SUSPICIOUS_MOVE = YES;
				CLANG_WARN_UNGUARDED_AVAILABILITY = YES_AGGRESSIVE;
				CLANG_WARN_UNREACHABLE_CODE = YES;
				CLANG_WARN__DUPLICATE_METHOD_MATCH = YES;
				COPY_PHASE_STRIP = NO;
				DEBUG_INFORMATION_FORMAT = "dwarf-with-dsym";
				ENABLE_NS_ASSERTIONS = NO;
				ENABLE_STRICT_OBJC_MSGSEND = YES;
				GCC_C_LANGUAGE_STANDARD = gnu11;
				GCC_NO_COMMON_BLOCKS = YES;
				GCC_WARN_64_TO_32_BIT_CONVERSION = YES;
				GCC_WARN_ABOUT_RETURN_TYPE = YES_ERROR;
				GCC_WARN_UNDECLARED_SELECTOR = YES;
				GCC_WARN_UNINITIALIZED_AUTOS = YES_AGGRESSIVE;
				GCC_WARN_UNUSED_FUNCTION = YES;
				GCC_WARN_UNUSED_VARIABLE = YES;
				IPHONEOS_DEPLOYMENT_TARGET = 14.0;
				MTL_ENABLE_DEBUG_INFO = NO;
				MTL_FAST_MATH = YES;
				SDKROOT = iphoneos;
				SWIFT_COMPILATION_MODE = wholemodule;
				SWIFT_OPTIMIZATION_LEVEL = "-O";
				VALIDATE_PRODUCT = YES;
			};
			name = Release;
		};
		A2B9551E2607F08D00AE0782 /* Debug */ = {
			isa = XCBuildConfiguration;
			buildSettings = {
				ASSETCATALOG_COMPILER_APPICON_NAME = AppIcon;
				ASSETCATALOG_COMPILER_GLOBAL_ACCENT_COLOR_NAME = AccentColor;
				CODE_SIGN_STYLE = Automatic;
				DEVELOPMENT_ASSET_PATHS = "\"Pokedex/Preview Content\"";
				DEVELOPMENT_TEAM = H2TZ68XJU7;
				ENABLE_PREVIEWS = YES;
				INFOPLIST_FILE = Pokedex/Info.plist;
				IPHONEOS_DEPLOYMENT_TARGET = 14.0;
				LD_RUNPATH_SEARCH_PATHS = (
					"$(inherited)",
					"@executable_path/Frameworks",
				);
				PRODUCT_BUNDLE_IDENTIFIER = com.Pokedex;
				PRODUCT_NAME = "$(TARGET_NAME)";
				SWIFT_VERSION = 5.0;
				TARGETED_DEVICE_FAMILY = "1,2";
			};
			name = Debug;
		};
		A2B9551F2607F08D00AE0782 /* Release */ = {
			isa = XCBuildConfiguration;
			buildSettings = {
				ASSETCATALOG_COMPILER_APPICON_NAME = AppIcon;
				ASSETCATALOG_COMPILER_GLOBAL_ACCENT_COLOR_NAME = AccentColor;
				CODE_SIGN_STYLE = Automatic;
				DEVELOPMENT_ASSET_PATHS = "\"Pokedex/Preview Content\"";
				DEVELOPMENT_TEAM = H2TZ68XJU7;
				ENABLE_PREVIEWS = YES;
				INFOPLIST_FILE = Pokedex/Info.plist;
				IPHONEOS_DEPLOYMENT_TARGET = 14.0;
				LD_RUNPATH_SEARCH_PATHS = (
					"$(inherited)",
					"@executable_path/Frameworks",
				);
				PRODUCT_BUNDLE_IDENTIFIER = com.Pokedex;
				PRODUCT_NAME = "$(TARGET_NAME)";
				SWIFT_VERSION = 5.0;
				TARGETED_DEVICE_FAMILY = "1,2";
			};
			name = Release;
		};
/* End XCBuildConfiguration section */

/* Begin XCConfigurationList section */
		A2B955092607F08B00AE0782 /* Build configuration list for PBXProject "Pokedex" */ = {
			isa = XCConfigurationList;
			buildConfigurations = (
				A2B9551B2607F08D00AE0782 /* Debug */,
				A2B9551C2607F08D00AE0782 /* Release */,
			);
			defaultConfigurationIsVisible = 0;
			defaultConfigurationName = Release;
		};
		A2B9551D2607F08D00AE0782 /* Build configuration list for PBXNativeTarget "Pokedex" */ = {
			isa = XCConfigurationList;
			buildConfigurations = (
				A2B9551E2607F08D00AE0782 /* Debug */,
				A2B9551F2607F08D00AE0782 /* Release */,
			);
			defaultConfigurationIsVisible = 0;
			defaultConfigurationName = Release;
		};
/* End XCConfigurationList section */
	};
	rootObject = A2B955062607F08B00AE0782 /* Project object */;
}
